{
  "name": "indexer",
  "version": "1.0.0",
  "lockfileVersion": 1,
  "requires": true,
  "dependencies": {
    "fdir": {
      "version": "2.1.0",
      "resolved": "https://registry.npmjs.org/fdir/-/fdir-2.1.0.tgz",
      "integrity": "sha512-3OrEdo5P0o6SCvy0G4TNXx97D4/f3E+oKMF0q9MmWGIxJDLSjQabRJnlBApLtopdoaZ108WjPjHQM7niFYHYGg=="
    }
  }
}
